// !$*UTF8*$!
{
	archiveVersion = 1;
	classes = {
	};
	objectVersion = 46;
	objects = {

/* Begin PBXBuildFile section */
		08D476D81AA26EF100DDFB78 /* main.m in Sources */ = {isa = PBXBuildFile; fileRef = 08D476D71AA26EF100DDFB78 /* main.m */; };
		08D476DB1AA26EF100DDFB78 /* AppDelegate.m in Sources */ = {isa = PBXBuildFile; fileRef = 08D476DA1AA26EF100DDFB78 /* AppDelegate.m */; };
		08D476DE1AA26EF100DDFB78 /* ViewController.m in Sources */ = {isa = PBXBuildFile; fileRef = 08D476DD1AA26EF100DDFB78 /* ViewController.m */; };
		08D476E11AA26EF100DDFB78 /* Main.storyboard in Resources */ = {isa = PBXBuildFile; fileRef = 08D476DF1AA26EF100DDFB78 /* Main.storyboard */; };
		08D476E31AA26EF100DDFB78 /* Images.xcassets in Resources */ = {isa = PBXBuildFile; fileRef = 08D476E21AA26EF100DDFB78 /* Images.xcassets */; };
		08D476E61AA26EF100DDFB78 /* LaunchScreen.xib in Resources */ = {isa = PBXBuildFile; fileRef = 08D476E41AA26EF100DDFB78 /* LaunchScreen.xib */; };
		08D476FE1AA2750700DDFB78 /* ViewControllerTest.m in Sources */ = {isa = PBXBuildFile; fileRef = 08D476FD1AA2750700DDFB78 /* ViewControllerTest.m */; };
/* End PBXBuildFile section */

/* Begin PBXContainerItemProxy section */
		08D476EC1AA26EF100DDFB78 /* PBXContainerItemProxy */ = {
			isa = PBXContainerItemProxy;
			containerPortal = 08D476CA1AA26EF100DDFB78 /* Project object */;
			proxyType = 1;
			remoteGlobalIDString = 08D476D11AA26EF100DDFB78;
			remoteInfo = Greeter;
		};
/* End PBXContainerItemProxy section */

/* Begin PBXFileReference section */
		08D476D21AA26EF100DDFB78 /* Greeter.app */ = {isa = PBXFileReference; explicitFileType = wrapper.application; includeInIndex = 0; path = Greeter.app; sourceTree = BUILT_PRODUCTS_DIR; };
		08D476D61AA26EF100DDFB78 /* Info.plist */ = {isa = PBXFileReference; lastKnownFileType = text.plist.xml; path = Info.plist; sourceTree = "<group>"; };
		08D476D71AA26EF100DDFB78 /* main.m */ = {isa = PBXFileReference; lastKnownFileType = sourcecode.c.objc; path = main.m; sourceTree = "<group>"; };
		08D476D91AA26EF100DDFB78 /* AppDelegate.h */ = {isa = PBXFileReference; lastKnownFileType = sourcecode.c.h; path = AppDelegate.h; sourceTree = "<group>"; };
		08D476DA1AA26EF100DDFB78 /* AppDelegate.m */ = {isa = PBXFileReference; lastKnownFileType = sourcecode.c.objc; path = AppDelegate.m; sourceTree = "<group>"; };
		08D476DC1AA26EF100DDFB78 /* ViewController.h */ = {isa = PBXFileReference; lastKnownFileType = sourcecode.c.h; path = ViewController.h; sourceTree = "<group>"; };
		08D476DD1AA26EF100DDFB78 /* ViewController.m */ = {isa = PBXFileReference; lastKnownFileType = sourcecode.c.objc; path = ViewController.m; sourceTree = "<group>"; };
		08D476E01AA26EF100DDFB78 /* Base */ = {isa = PBXFileReference; lastKnownFileType = file.storyboard; name = Base; path = Base.lproj/Main.storyboard; sourceTree = "<group>"; };
		08D476E21AA26EF100DDFB78 /* Images.xcassets */ = {isa = PBXFileReference; lastKnownFileType = folder.assetcatalog; path = Images.xcassets; sourceTree = "<group>"; };
		08D476E51AA26EF100DDFB78 /* Base */ = {isa = PBXFileReference; lastKnownFileType = file.xib; name = Base; path = Base.lproj/LaunchScreen.xib; sourceTree = "<group>"; };
		08D476EB1AA26EF100DDFB78 /* GreeterTests.xctest */ = {isa = PBXFileReference; explicitFileType = wrapper.cfbundle; includeInIndex = 0; path = GreeterTests.xctest; sourceTree = BUILT_PRODUCTS_DIR; };
		08D476F01AA26EF100DDFB78 /* Info.plist */ = {isa = PBXFileReference; lastKnownFileType = text.plist.xml; path = Info.plist; sourceTree = "<group>"; };
		08D476FD1AA2750700DDFB78 /* ViewControllerTest.m */ = {isa = PBXFileReference; fileEncoding = 4; lastKnownFileType = sourcecode.c.objc; path = ViewControllerTest.m; sourceTree = "<group>"; };
/* End PBXFileReference section */

/* Begin PBXFrameworksBuildPhase section */
		08D476CF1AA26EF100DDFB78 /* Frameworks */ = {
			isa = PBXFrameworksBuildPhase;
			buildActionMask = 2147483647;
			files = (
			);
			runOnlyForDeploymentPostprocessing = 0;
		};
		08D476E81AA26EF100DDFB78 /* Frameworks */ = {
			isa = PBXFrameworksBuildPhase;
			buildActionMask = 2147483647;
			files = (
			);
			runOnlyForDeploymentPostprocessing = 0;
		};
/* End PBXFrameworksBuildPhase section */

/* Begin PBXGroup section */
		08D476C91AA26EF100DDFB78 = {
			isa = PBXGroup;
			children = (
				08D476D41AA26EF100DDFB78 /* Greeter */,
				08D476EE1AA26EF100DDFB78 /* GreeterTests */,
				08D476D31AA26EF100DDFB78 /* Products */,
			);
			sourceTree = "<group>";
		};
		08D476D31AA26EF100DDFB78 /* Products */ = {
			isa = PBXGroup;
			children = (
				08D476D21AA26EF100DDFB78 /* Greeter.app */,
				08D476EB1AA26EF100DDFB78 /* GreeterTests.xctest */,
			);
			name = Products;
			sourceTree = "<group>";
		};
		08D476D41AA26EF100DDFB78 /* Greeter */ = {
			isa = PBXGroup;
			children = (
				08D476D91AA26EF100DDFB78 /* AppDelegate.h */,
				08D476DA1AA26EF100DDFB78 /* AppDelegate.m */,
				08D476DC1AA26EF100DDFB78 /* ViewController.h */,
				08D476DD1AA26EF100DDFB78 /* ViewController.m */,
				08D476DF1AA26EF100DDFB78 /* Main.storyboard */,
				08D476E21AA26EF100DDFB78 /* Images.xcassets */,
				08D476E41AA26EF100DDFB78 /* LaunchScreen.xib */,
				08D476D51AA26EF100DDFB78 /* Supporting Files */,
			);
			path = Greeter;
			sourceTree = "<group>";
		};
		08D476D51AA26EF100DDFB78 /* Supporting Files */ = {
			isa = PBXGroup;
			children = (
				08D476D61AA26EF100DDFB78 /* Info.plist */,
				08D476D71AA26EF100DDFB78 /* main.m */,
			);
			name = "Supporting Files";
			sourceTree = "<group>";
		};
		08D476EE1AA26EF100DDFB78 /* GreeterTests */ = {
			isa = PBXGroup;
			children = (
				08D476FD1AA2750700DDFB78 /* ViewControllerTest.m */,
				08D476EF1AA26EF100DDFB78 /* Supporting Files */,
			);
			path = GreeterTests;
			sourceTree = "<group>";
		};
		08D476EF1AA26EF100DDFB78 /* Supporting Files */ = {
			isa = PBXGroup;
			children = (
				08D476F01AA26EF100DDFB78 /* Info.plist */,
			);
			name = "Supporting Files";
			sourceTree = "<group>";
		};
/* End PBXGroup section */

/* Begin PBXNativeTarget section */
		08D476D11AA26EF100DDFB78 /* Greeter */ = {
			isa = PBXNativeTarget;
			buildConfigurationList = 08D476F51AA26EF100DDFB78 /* Build configuration list for PBXNativeTarget "Greeter" */;
			buildPhases = (
				08D476CE1AA26EF100DDFB78 /* Sources */,
				08D476CF1AA26EF100DDFB78 /* Frameworks */,
				08D476D01AA26EF100DDFB78 /* Resources */,
			);
			buildRules = (
			);
			dependencies = (
			);
			name = Greeter;
			productName = Greeter;
			productReference = 08D476D21AA26EF100DDFB78 /* Greeter.app */;
			productType = "com.apple.product-type.application";
		};
		08D476EA1AA26EF100DDFB78 /* GreeterTests */ = {
			isa = PBXNativeTarget;
			buildConfigurationList = 08D476F81AA26EF100DDFB78 /* Build configuration list for PBXNativeTarget "GreeterTests" */;
			buildPhases = (
				08D476E71AA26EF100DDFB78 /* Sources */,
				08D476E81AA26EF100DDFB78 /* Frameworks */,
				08D476E91AA26EF100DDFB78 /* Resources */,
			);
			buildRules = (
			);
			dependencies = (
				08D476ED1AA26EF100DDFB78 /* PBXTargetDependency */,
			);
			name = GreeterTests;
			productName = GreeterTests;
			productReference = 08D476EB1AA26EF100DDFB78 /* GreeterTests.xctest */;
			productType = "com.apple.product-type.bundle.unit-test";
		};
/* End PBXNativeTarget section */

/* Begin PBXProject section */
		08D476CA1AA26EF100DDFB78 /* Project object */ = {
			isa = PBXProject;
			attributes = {
				LastUpgradeCheck = 0610;
				ORGANIZATIONNAME = nispok;
				TargetAttributes = {
					08D476D11AA26EF100DDFB78 = {
						CreatedOnToolsVersion = 6.1.1;
					};
					08D476EA1AA26EF100DDFB78 = {
						CreatedOnToolsVersion = 6.1.1;
						TestTargetID = 08D476D11AA26EF100DDFB78;
					};
				};
			};
			buildConfigurationList = 08D476CD1AA26EF100DDFB78 /* Build configuration list for PBXProject "Greeter" */;
			compatibilityVersion = "Xcode 3.2";
			developmentRegion = English;
			hasScannedForEncodings = 0;
			knownRegions = (
				en,
				Base,
			);
			mainGroup = 08D476C91AA26EF100DDFB78;
			productRefGroup = 08D476D31AA26EF100DDFB78 /* Products */;
			projectDirPath = "";
			projectRoot = "";
			targets = (
				08D476D11AA26EF100DDFB78 /* Greeter */,
				08D476EA1AA26EF100DDFB78 /* GreeterTests */,
			);
		};
/* End PBXProject section */

/* Begin PBXResourcesBuildPhase section */
		08D476D01AA26EF100DDFB78 /* Resources */ = {
			isa = PBXResourcesBuildPhase;
			buildActionMask = 2147483647;
			files = (
				08D476E11AA26EF100DDFB78 /* Main.storyboard in Resources */,
				08D476E61AA26EF100DDFB78 /* LaunchScreen.xib in Resources */,
				08D476E31AA26EF100DDFB78 /* Images.xcassets in Resources */,
			);
			runOnlyForDeploymentPostprocessing = 0;
		};
		08D476E91AA26EF100DDFB78 /* Resources */ = {
			isa = PBXResourcesBuildPhase;
			buildActionMask = 2147483647;
			files = (
			);
			runOnlyForDeploymentPostprocessing = 0;
		};
/* End PBXResourcesBuildPhase section */

/* Begin PBXSourcesBuildPhase section */
		08D476CE1AA26EF100DDFB78 /* Sources */ = {
			isa = PBXSourcesBuildPhase;
			buildActionMask = 2147483647;
			files = (
				08D476DE1AA26EF100DDFB78 /* ViewController.m in Sources */,
				08D476DB1AA26EF100DDFB78 /* AppDelegate.m in Sources */,
				08D476D81AA26EF100DDFB78 /* main.m in Sources */,
			);
			runOnlyForDeploymentPostprocessing = 0;
		};
		08D476E71AA26EF100DDFB78 /* Sources */ = {
			isa = PBXSourcesBuildPhase;
			buildActionMask = 2147483647;
			files = (
				08D476FE1AA2750700DDFB78 /* ViewControllerTest.m in Sources */,
			);
			runOnlyForDeploymentPostprocessing = 0;
		};
/* End PBXSourcesBuildPhase section */

/* Begin PBXTargetDependency section */
		08D476ED1AA26EF100DDFB78 /* PBXTargetDependency */ = {
			isa = PBXTargetDependency;
			target = 08D476D11AA26EF100DDFB78 /* Greeter */;
			targetProxy = 08D476EC1AA26EF100DDFB78 /* PBXContainerItemProxy */;
		};
/* End PBXTargetDependency section */

/* Begin PBXVariantGroup section */
		08D476DF1AA26EF100DDFB78 /* Main.storyboard */ = {
			isa = PBXVariantGroup;
			children = (
				08D476E01AA26EF100DDFB78 /* Base */,
			);
			name = Main.storyboard;
			sourceTree = "<group>";
		};
		08D476E41AA26EF100DDFB78 /* LaunchScreen.xib */ = {
			isa = PBXVariantGroup;
			children = (
				08D476E51AA26EF100DDFB78 /* Base */,
			);
			name = LaunchScreen.xib;
			sourceTree = "<group>";
		};
/* End PBXVariantGroup section */

/* Begin XCBuildConfiguration section */
		08D476F31AA26EF100DDFB78 /* Debug */ = {
			isa = XCBuildConfiguration;
			buildSettings = {
				ALWAYS_SEARCH_USER_PATHS = NO;
				CLANG_CXX_LANGUAGE_STANDARD = "gnu++0x";
				CLANG_CXX_LIBRARY = "libc++";
				CLANG_ENABLE_MODULES = YES;
				CLANG_ENABLE_OBJC_ARC = YES;
				CLANG_WARN_BOOL_CONVERSION = YES;
				CLANG_WARN_CONSTANT_CONVERSION = YES;
				CLANG_WARN_DIRECT_OBJC_ISA_USAGE = YES_ERROR;
				CLANG_WARN_EMPTY_BODY = YES;
				CLANG_WARN_ENUM_CONVERSION = YES;
				CLANG_WARN_INT_CONVERSION = YES;
				CLANG_WARN_OBJC_ROOT_CLASS = YES_ERROR;
				CLANG_WARN_UNREACHABLE_CODE = YES;
				CLANG_WARN__DUPLICATE_METHOD_MATCH = YES;
				"CODE_SIGN_IDENTITY[sdk=iphoneos*]" = "iPhone Developer";
				COPY_PHASE_STRIP = NO;
				ENABLE_STRICT_OBJC_MSGSEND = YES;
				GCC_C_LANGUAGE_STANDARD = gnu99;
				GCC_DYNAMIC_NO_PIC = NO;
				GCC_OPTIMIZATION_LEVEL = 0;
				GCC_PREPROCESSOR_DEFINITIONS = (
					"DEBUG=1",
					"$(inherited)",
				);
				GCC_SYMBOLS_PRIVATE_EXTERN = NO;
				GCC_WARN_64_TO_32_BIT_CONVERSION = YES;
				GCC_WARN_ABOUT_RETURN_TYPE = YES_ERROR;
				GCC_WARN_UNDECLARED_SELECTOR = YES;
				GCC_WARN_UNINITIALIZED_AUTOS = YES_AGGRESSIVE;
				GCC_WARN_UNUSED_FUNCTION = YES;
				GCC_WARN_UNUSED_VARIABLE = YES;
				IPHONEOS_DEPLOYMENT_TARGET = 8.1;
				MTL_ENABLE_DEBUG_INFO = YES;
				ONLY_ACTIVE_ARCH = YES;
				SDKROOT = iphoneos;
				TARGETED_DEVICE_FAMILY = "1,2";
			};
			name = Debug;
		};
		08D476F41AA26EF100DDFB78 /* Release */ = {
			isa = XCBuildConfiguration;
			buildSettings = {
				ALWAYS_SEARCH_USER_PATHS = NO;
				CLANG_CXX_LANGUAGE_STANDARD = "gnu++0x";
				CLANG_CXX_LIBRARY = "libc++";
				CLANG_ENABLE_MODULES = YES;
				CLANG_ENABLE_OBJC_ARC = YES;
				CLANG_WARN_BOOL_CONVERSION = YES;
				CLANG_WARN_CONSTANT_CONVERSION = YES;
				CLANG_WARN_DIRECT_OBJC_ISA_USAGE = YES_ERROR;
				CLANG_WARN_EMPTY_BODY = YES;
				CLANG_WARN_ENUM_CONVERSION = YES;
				CLANG_WARN_INT_CONVERSION = YES;
				CLANG_WARN_OBJC_ROOT_CLASS = YES_ERROR;
				CLANG_WARN_UNREACHABLE_CODE = YES;
				CLANG_WARN__DUPLICATE_METHOD_MATCH = YES;
				"CODE_SIGN_IDENTITY[sdk=iphoneos*]" = "iPhone Developer";
				COPY_PHASE_STRIP = YES;
				ENABLE_NS_ASSERTIONS = NO;
				ENABLE_STRICT_OBJC_MSGSEND = YES;
				GCC_C_LANGUAGE_STANDARD = gnu99;
				GCC_WARN_64_TO_32_BIT_CONVERSION = YES;
				GCC_WARN_ABOUT_RETURN_TYPE = YES_ERROR;
				GCC_WARN_UNDECLARED_SELECTOR = YES;
				GCC_WARN_UNINITIALIZED_AUTOS = YES_AGGRESSIVE;
				GCC_WARN_UNUSED_FUNCTION = YES;
				GCC_WARN_UNUSED_VARIABLE = YES;
				IPHONEOS_DEPLOYMENT_TARGET = 8.1;
				MTL_ENABLE_DEBUG_INFO = NO;
				SDKROOT = iphoneos;
				TARGETED_DEVICE_FAMILY = "1,2";
				VALIDATE_PRODUCT = YES;
			};
			name = Release;
		};
		08D476F61AA26EF100DDFB78 /* Debug */ = {
			isa = XCBuildConfiguration;
			buildSettings = {
				ASSETCATALOG_COMPILER_APPICON_NAME = AppIcon;
				INFOPLIST_FILE = Greeter/Info.plist;
				LD_RUNPATH_SEARCH_PATHS = "$(inherited) @executable_path/Frameworks";
				PRODUCT_NAME = "$(TARGET_NAME)";
			};
			name = Debug;
		};
		08D476F71AA26EF100DDFB78 /* Release */ = {
			isa = XCBuildConfiguration;
			buildSettings = {
				ASSETCATALOG_COMPILER_APPICON_NAME = AppIcon;
				INFOPLIST_FILE = Greeter/Info.plist;
				LD_RUNPATH_SEARCH_PATHS = "$(inherited) @executable_path/Frameworks";
				PRODUCT_NAME = "$(TARGET_NAME)";
			};
			name = Release;
		};
		08D476F91AA26EF100DDFB78 /* Debug */ = {
			isa = XCBuildConfiguration;
			buildSettings = {
				BUNDLE_LOADER = "$(TEST_HOST)";
				FRAMEWORK_SEARCH_PATHS = (
					"$(SDKROOT)/Developer/Library/Frameworks",
					"$(inherited)",
				);
				GCC_PREPROCESSOR_DEFINITIONS = (
					"DEBUG=1",
					"$(inherited)",
				);
				INFOPLIST_FILE = GreeterTests/Info.plist;
				LD_RUNPATH_SEARCH_PATHS = "$(inherited) @executable_path/Frameworks @loader_path/Frameworks";
				PRODUCT_NAME = "$(TARGET_NAME)";
				TEST_HOST = "$(BUILT_PRODUCTS_DIR)/Greeter.app/Greeter";
			};
			name = Debug;
		};
		08D476FA1AA26EF100DDFB78 /* Release */ = {
			isa = XCBuildConfiguration;
			buildSettings = {
				BUNDLE_LOADER = "$(TEST_HOST)";
				FRAMEWORK_SEARCH_PATHS = (
					"$(SDKROOT)/Developer/Library/Frameworks",
					"$(inherited)",
				);
				INFOPLIST_FILE = GreeterTests/Info.plist;
				LD_RUNPATH_SEARCH_PATHS = "$(inherited) @executable_path/Frameworks @loader_path/Frameworks";
				PRODUCT_NAME = "$(TARGET_NAME)";
				TEST_HOST = "$(BUILT_PRODUCTS_DIR)/Greeter.app/Greeter";
			};
			name = Release;
		};
/* End XCBuildConfiguration section */

/* Begin XCConfigurationList section */
		08D476CD1AA26EF100DDFB78 /* Build configuration list for PBXProject "Greeter" */ = {
			isa = XCConfigurationList;
			buildConfigurations = (
				08D476F31AA26EF100DDFB78 /* Debug */,
				08D476F41AA26EF100DDFB78 /* Release */,
			);
			defaultConfigurationIsVisible = 0;
			defaultConfigurationName = Release;
		};
		08D476F51AA26EF100DDFB78 /* Build configuration list for PBXNativeTarget "Greeter" */ = {
			isa = XCConfigurationList;
			buildConfigurations = (
				08D476F61AA26EF100DDFB78 /* Debug */,
				08D476F71AA26EF100DDFB78 /* Release */,
			);
			defaultConfigurationIsVisible = 0;
			defaultConfigurationName = Release;
		};
		08D476F81AA26EF100DDFB78 /* Build configuration list for PBXNativeTarget "GreeterTests" */ = {
			isa = XCConfigurationList;
			buildConfigurations = (
				08D476F91AA26EF100DDFB78 /* Debug */,
				08D476FA1AA26EF100DDFB78 /* Release */,
			);
			defaultConfigurationIsVisible = 0;
			defaultConfigurationName = Release;
		};
/* End XCConfigurationList section */
	};
	rootObject = 08D476CA1AA26EF100DDFB78 /* Project object */;
}
